PODS:
  - Nimble (7.3.1)
  - OHHTTPStubs/Core (6.1.0)
  - OHHTTPStubs/Default (6.1.0):
    - OHHTTPStubs/Core
    - OHHTTPStubs/JSON
    - OHHTTPStubs/NSURLSession
    - OHHTTPStubs/OHPathHelpers
  - OHHTTPStubs/JSON (6.1.0):
    - OHHTTPStubs/Core
  - OHHTTPStubs/NSURLSession (6.1.0):
    - OHHTTPStubs/Core
  - OHHTTPStubs/OHPathHelpers (6.1.0)
  - OHHTTPStubs/Swift (6.1.0):
    - OHHTTPStubs/Default
  - Quick (1.3.2)
  - ReachabilitySwift (4.3.0)
  - SwiftLint (0.27.0)

DEPENDENCIES:
  - Nimble
  - OHHTTPStubs/Swift
  - Quick
  - ReachabilitySwift
  - SwiftLint

SPEC REPOS:
  https://github.com/cocoapods/specs.git:
    - Nimble
    - OHHTTPStubs
    - Quick
    - ReachabilitySwift
    - SwiftLint

SPEC CHECKSUMS:
  Nimble: 04f732da099ea4d153122aec8c2a88fd0c7219ae
  OHHTTPStubs: 1e21c7d2c084b8153fc53d48400d8919d2d432d0
  Quick: 2623cb30d7a7f41ca62f684f679586558f483d46
  ReachabilitySwift: 408477d1b6ed9779dba301953171e017c31241f3
  SwiftLint: 3207c1faa2240bf8973b191820a116113cd11073

PODFILE CHECKSUM: b403b3937f624b29b45119b1a2e7864c549a8628

COCOAPODS: 1.5.3
